
Microsoft Visual Studio Solution File, Format Version 12.00
# Visual Studio Version 17
VisualStudioVersion = 17.12.35527.113
MinimumVisualStudioVersion = 10.0.40219.1
Project("{FAE04EC0-301F-11D3-BF4B-00C04F79EFBC}") = "HttpServerCustom", "HttpServerCustom\HttpServerCustom.csproj", "{5F65ACFD-556F-4D90-BD75-F6DF77F11CF3}"
EndProject
Project("{FAE04EC0-301F-11D3-BF4B-00C04F79EFBC}") = "Tests", "Tests\Tests.csproj", "{8651A83F-01DE-4FD1-807D-9B1BCBEC2D87}"
EndProject
Global
	GlobalSection(SolutionConfigurationPlatforms) = preSolution
		Debug|Any CPU = Debug|Any CPU
		Release|Any CPU = Release|Any CPU
	EndGlobalSection
	GlobalSection(ProjectConfigurationPlatforms) = postSolution
		{5F65ACFD-556F-4D90-BD75-F6DF77F11CF3}.Debug|Any CPU.ActiveCfg = Debug|Any CPU
		{5F65ACFD-556F-4D90-BD75-F6DF77F11CF3}.Debug|Any CPU.Build.0 = Debug|Any CPU
		{5F65ACFD-556F-4D90-BD75-F6DF77F11CF3}.Release|Any CPU.ActiveCfg = Release|Any CPU
		{5F65ACFD-556F-4D90-BD75-F6DF77F11CF3}.Release|Any CPU.Build.0 = Release|Any CPU
		{8651A83F-01DE-4FD1-807D-9B1BCBEC2D87}.Debug|Any CPU.ActiveCfg = Debug|Any CPU
		{8651A83F-01DE-4FD1-807D-9B1BCBEC2D87}.Debug|Any CPU.Build.0 = Debug|Any CPU
		{8651A83F-01DE-4FD1-807D-9B1BCBEC2D87}.Release|Any CPU.ActiveCfg = Release|Any CPU
		{8651A83F-01DE-4FD1-807D-9B1BCBEC2D87}.Release|Any CPU.Build.0 = Release|Any CPU
	EndGlobalSection
	GlobalSection(SolutionProperties) = preSolution
		HideSolutionNode = FALSE
	EndGlobalSection
EndGlobal
